
Microsoft Visual Studio Solution File, Format Version 12.00
# Visual Studio Version 17
VisualStudioVersion = 17.0.32126.317
MinimumVisualStudioVersion = 10.0.40219.1
Project("{FAE04EC0-301F-11D3-BF4B-00C04F79EFBC}") = "Timer", "timer2\Timer.csproj", "{8044F44B-FBEF-4094-848D-D31BD87B134E}"
EndProject
Project("{FAE04EC0-301F-11D3-BF4B-00C04F79EFBC}") = "Timer.Tests", "Timer.Tests\Timer.Tests.csproj", "{DC182DCA-5F4C-4E7D-ADB0-D000362A2111}"
EndProject
Global
	GlobalSection(SolutionConfigurationPlatforms) = preSolution
		Debug|Any CPU = Debug|Any CPU
		Release|Any CPU = Release|Any CPU
	EndGlobalSection
	GlobalSection(ProjectConfigurationPlatforms) = postSolution
		{8044F44B-FBEF-4094-848D-D31BD87B134E}.Debug|Any CPU.ActiveCfg = Debug|Any CPU
		{8044F44B-FBEF-4094-848D-D31BD87B134E}.Debug|Any CPU.Build.0 = Debug|Any CPU
		{8044F44B-FBEF-4094-848D-D31BD87B134E}.Release|Any CPU.ActiveCfg = Release|Any CPU
		{8044F44B-FBEF-4094-848D-D31BD87B134E}.Release|Any CPU.Build.0 = Release|Any CPU
		{DC182DCA-5F4C-4E7D-ADB0-D000362A2111}.Debug|Any CPU.ActiveCfg = Debug|Any CPU
		{DC182DCA-5F4C-4E7D-ADB0-D000362A2111}.Debug|Any CPU.Build.0 = Debug|Any CPU
		{DC182DCA-5F4C-4E7D-ADB0-D000362A2111}.Release|Any CPU.ActiveCfg = Release|Any CPU
		{DC182DCA-5F4C-4E7D-ADB0-D000362A2111}.Release|Any CPU.Build.0 = Release|Any CPU
	EndGlobalSection
	GlobalSection(SolutionProperties) = preSolution
		HideSolutionNode = FALSE
	EndGlobalSection
	GlobalSection(ExtensibilityGlobals) = postSolution
		SolutionGuid = {BCFA6B72-1CDD-40D4-8B5C-BCD457888DE8}
	EndGlobalSection
EndGlobal
